
Microsoft Visual Studio Solution File, Format Version 12.00
# Visual Studio Version 16
VisualStudioVersion = 16.0.31105.61
MinimumVisualStudioVersion = 10.0.40219.1
Project("{FAE04EC0-301F-11D3-BF4B-00C04F79EFBC}") = "Banknote Fälschung oder nicht", "Banknote Fälschung oder nicht\Banknote Fälschung oder nicht.csproj", "{85A68A39-0EAE-41FB-B1AA-0EE0998849EA}"
EndProject
Global
	GlobalSection(SolutionConfigurationPlatforms) = preSolution
		Debug|Any CPU = Debug|Any CPU
		Release|Any CPU = Release|Any CPU
	EndGlobalSection
	GlobalSection(ProjectConfigurationPlatforms) = postSolution
		{85A68A39-0EAE-41FB-B1AA-0EE0998849EA}.Debug|Any CPU.ActiveCfg = Debug|Any CPU
		{85A68A39-0EAE-41FB-B1AA-0EE0998849EA}.Debug|Any CPU.Build.0 = Debug|Any CPU
		{85A68A39-0EAE-41FB-B1AA-0EE0998849EA}.Release|Any CPU.ActiveCfg = Release|Any CPU
		{85A68A39-0EAE-41FB-B1AA-0EE0998849EA}.Release|Any CPU.Build.0 = Release|Any CPU
	EndGlobalSection
	GlobalSection(SolutionProperties) = preSolution
		HideSolutionNode = FALSE
	EndGlobalSection
	GlobalSection(ExtensibilityGlobals) = postSolution
		SolutionGuid = {D2C1133B-8765-4FD5-9AE2-A870F836A70A}
	EndGlobalSection
EndGlobal
