
Microsoft Visual Studio Solution File, Format Version 12.00
# Visual Studio Version 16
VisualStudioVersion = 16.0.30621.155
MinimumVisualStudioVersion = 10.0.40219.1
Project("{FAE04EC0-301F-11D3-BF4B-00C04F79EFBC}") = "Gerade und ungerade", "Gerade und ungerade\Gerade und ungerade.csproj", "{0E918452-B472-492D-B3C8-8B4136C6FDD2}"
EndProject
Global
	GlobalSection(SolutionConfigurationPlatforms) = preSolution
		Debug|Any CPU = Debug|Any CPU
		Release|Any CPU = Release|Any CPU
	EndGlobalSection
	GlobalSection(ProjectConfigurationPlatforms) = postSolution
		{0E918452-B472-492D-B3C8-8B4136C6FDD2}.Debug|Any CPU.ActiveCfg = Debug|Any CPU
		{0E918452-B472-492D-B3C8-8B4136C6FDD2}.Debug|Any CPU.Build.0 = Debug|Any CPU
		{0E918452-B472-492D-B3C8-8B4136C6FDD2}.Release|Any CPU.ActiveCfg = Release|Any CPU
		{0E918452-B472-492D-B3C8-8B4136C6FDD2}.Release|Any CPU.Build.0 = Release|Any CPU
	EndGlobalSection
	GlobalSection(SolutionProperties) = preSolution
		HideSolutionNode = FALSE
	EndGlobalSection
	GlobalSection(ExtensibilityGlobals) = postSolution
		SolutionGuid = {56BD195E-7BD8-4D4A-8F9D-523ABAEFFDA7}
	EndGlobalSection
EndGlobal
