
Microsoft Visual Studio Solution File, Format Version 12.00
# Visual Studio Version 16
VisualStudioVersion = 16.0.30621.155
MinimumVisualStudioVersion = 10.0.40219.1
Project("{FAE04EC0-301F-11D3-BF4B-00C04F79EFBC}") = "Türsteher aufgabe Gruppe", "Türsteher aufgabe Gruppe\Türsteher aufgabe Gruppe.csproj", "{8106B3FB-BCE9-4742-968B-88D0051268E2}"
EndProject
Global
	GlobalSection(SolutionConfigurationPlatforms) = preSolution
		Debug|Any CPU = Debug|Any CPU
		Release|Any CPU = Release|Any CPU
	EndGlobalSection
	GlobalSection(ProjectConfigurationPlatforms) = postSolution
		{8106B3FB-BCE9-4742-968B-88D0051268E2}.Debug|Any CPU.ActiveCfg = Debug|Any CPU
		{8106B3FB-BCE9-4742-968B-88D0051268E2}.Debug|Any CPU.Build.0 = Debug|Any CPU
		{8106B3FB-BCE9-4742-968B-88D0051268E2}.Release|Any CPU.ActiveCfg = Release|Any CPU
		{8106B3FB-BCE9-4742-968B-88D0051268E2}.Release|Any CPU.Build.0 = Release|Any CPU
	EndGlobalSection
	GlobalSection(SolutionProperties) = preSolution
		HideSolutionNode = FALSE
	EndGlobalSection
	GlobalSection(ExtensibilityGlobals) = postSolution
		SolutionGuid = {699D22A6-7589-4713-8987-27370FA4D7B5}
	EndGlobalSection
EndGlobal
