
Microsoft Visual Studio Solution File, Format Version 12.00
# Visual Studio Version 16
VisualStudioVersion = 16.0.30621.155
MinimumVisualStudioVersion = 10.0.40219.1
Project("{FAE04EC0-301F-11D3-BF4B-00C04F79EFBC}") = "99999999999999999999999999999", "99999999999999999999999999999\99999999999999999999999999999.csproj", "{7E5D827E-09E7-4206-B1CA-F21622F962BD}"
EndProject
Global
	GlobalSection(SolutionConfigurationPlatforms) = preSolution
		Debug|Any CPU = Debug|Any CPU
		Release|Any CPU = Release|Any CPU
	EndGlobalSection
	GlobalSection(ProjectConfigurationPlatforms) = postSolution
		{7E5D827E-09E7-4206-B1CA-F21622F962BD}.Debug|Any CPU.ActiveCfg = Debug|Any CPU
		{7E5D827E-09E7-4206-B1CA-F21622F962BD}.Debug|Any CPU.Build.0 = Debug|Any CPU
		{7E5D827E-09E7-4206-B1CA-F21622F962BD}.Release|Any CPU.ActiveCfg = Release|Any CPU
		{7E5D827E-09E7-4206-B1CA-F21622F962BD}.Release|Any CPU.Build.0 = Release|Any CPU
	EndGlobalSection
	GlobalSection(SolutionProperties) = preSolution
		HideSolutionNode = FALSE
	EndGlobalSection
	GlobalSection(ExtensibilityGlobals) = postSolution
		SolutionGuid = {CDE63624-4ACD-48D2-9E8E-012B32854C09}
	EndGlobalSection
EndGlobal
