
Microsoft Visual Studio Solution File, Format Version 12.00
# Visual Studio Version 16
VisualStudioVersion = 16.0.30621.155
MinimumVisualStudioVersion = 10.0.40219.1
Project("{FAE04EC0-301F-11D3-BF4B-00C04F79EFBC}") = "1D Array Zahlen", "1D Array Zahlen\1D Array Zahlen.csproj", "{17F0F0CA-A00A-465F-BFB4-CC5D73F7EEAB}"
EndProject
Global
	GlobalSection(SolutionConfigurationPlatforms) = preSolution
		Debug|Any CPU = Debug|Any CPU
		Release|Any CPU = Release|Any CPU
	EndGlobalSection
	GlobalSection(ProjectConfigurationPlatforms) = postSolution
		{17F0F0CA-A00A-465F-BFB4-CC5D73F7EEAB}.Debug|Any CPU.ActiveCfg = Debug|Any CPU
		{17F0F0CA-A00A-465F-BFB4-CC5D73F7EEAB}.Debug|Any CPU.Build.0 = Debug|Any CPU
		{17F0F0CA-A00A-465F-BFB4-CC5D73F7EEAB}.Release|Any CPU.ActiveCfg = Release|Any CPU
		{17F0F0CA-A00A-465F-BFB4-CC5D73F7EEAB}.Release|Any CPU.Build.0 = Release|Any CPU
	EndGlobalSection
	GlobalSection(SolutionProperties) = preSolution
		HideSolutionNode = FALSE
	EndGlobalSection
	GlobalSection(ExtensibilityGlobals) = postSolution
		SolutionGuid = {4B0D12B5-1FFC-48BE-A925-07368E8BB419}
	EndGlobalSection
EndGlobal
