
Microsoft Visual Studio Solution File, Format Version 12.00
# Visual Studio Version 16
VisualStudioVersion = 16.0.30621.155
MinimumVisualStudioVersion = 10.0.40219.1
Project("{FAE04EC0-301F-11D3-BF4B-00C04F79EFBC}") = "Türsteher 2.0", "Türsteher 2.0\Türsteher 2.0.csproj", "{54ECE987-98FD-42E1-96BD-151B96E8448D}"
EndProject
Global
	GlobalSection(SolutionConfigurationPlatforms) = preSolution
		Debug|Any CPU = Debug|Any CPU
		Release|Any CPU = Release|Any CPU
	EndGlobalSection
	GlobalSection(ProjectConfigurationPlatforms) = postSolution
		{54ECE987-98FD-42E1-96BD-151B96E8448D}.Debug|Any CPU.ActiveCfg = Debug|Any CPU
		{54ECE987-98FD-42E1-96BD-151B96E8448D}.Debug|Any CPU.Build.0 = Debug|Any CPU
		{54ECE987-98FD-42E1-96BD-151B96E8448D}.Release|Any CPU.ActiveCfg = Release|Any CPU
		{54ECE987-98FD-42E1-96BD-151B96E8448D}.Release|Any CPU.Build.0 = Release|Any CPU
	EndGlobalSection
	GlobalSection(SolutionProperties) = preSolution
		HideSolutionNode = FALSE
	EndGlobalSection
	GlobalSection(ExtensibilityGlobals) = postSolution
		SolutionGuid = {EC5691F8-813C-48A8-A9E6-19FE2D6EEED9}
	EndGlobalSection
EndGlobal
