
Microsoft Visual Studio Solution File, Format Version 12.00
# Visual Studio Version 16
VisualStudioVersion = 16.0.30621.155
MinimumVisualStudioVersion = 10.0.40219.1
Project("{FAE04EC0-301F-11D3-BF4B-00C04F79EFBC}") = "gerade_ungerade", "gerade_ungerade\gerade_ungerade.csproj", "{C181CF4B-9162-44B8-9E7D-BE82E85D5E9B}"
EndProject
Global
	GlobalSection(SolutionConfigurationPlatforms) = preSolution
		Debug|Any CPU = Debug|Any CPU
		Release|Any CPU = Release|Any CPU
	EndGlobalSection
	GlobalSection(ProjectConfigurationPlatforms) = postSolution
		{C181CF4B-9162-44B8-9E7D-BE82E85D5E9B}.Debug|Any CPU.ActiveCfg = Debug|Any CPU
		{C181CF4B-9162-44B8-9E7D-BE82E85D5E9B}.Debug|Any CPU.Build.0 = Debug|Any CPU
		{C181CF4B-9162-44B8-9E7D-BE82E85D5E9B}.Release|Any CPU.ActiveCfg = Release|Any CPU
		{C181CF4B-9162-44B8-9E7D-BE82E85D5E9B}.Release|Any CPU.Build.0 = Release|Any CPU
	EndGlobalSection
	GlobalSection(SolutionProperties) = preSolution
		HideSolutionNode = FALSE
	EndGlobalSection
	GlobalSection(ExtensibilityGlobals) = postSolution
		SolutionGuid = {33A6CA8F-6BD6-443E-8327-375C77C96823}
	EndGlobalSection
EndGlobal
