
Microsoft Visual Studio Solution File, Format Version 12.00
# Visual Studio Version 16
VisualStudioVersion = 16.0.31105.61
MinimumVisualStudioVersion = 10.0.40219.1
Project("{FAE04EC0-301F-11D3-BF4B-00C04F79EFBC}") = "Fakultät mir Array", "Fakultät mir Array\Fakultät mir Array.csproj", "{333473DE-E863-42C1-8B83-482694042BAE}"
EndProject
Global
	GlobalSection(SolutionConfigurationPlatforms) = preSolution
		Debug|Any CPU = Debug|Any CPU
		Release|Any CPU = Release|Any CPU
	EndGlobalSection
	GlobalSection(ProjectConfigurationPlatforms) = postSolution
		{333473DE-E863-42C1-8B83-482694042BAE}.Debug|Any CPU.ActiveCfg = Debug|Any CPU
		{333473DE-E863-42C1-8B83-482694042BAE}.Debug|Any CPU.Build.0 = Debug|Any CPU
		{333473DE-E863-42C1-8B83-482694042BAE}.Release|Any CPU.ActiveCfg = Release|Any CPU
		{333473DE-E863-42C1-8B83-482694042BAE}.Release|Any CPU.Build.0 = Release|Any CPU
	EndGlobalSection
	GlobalSection(SolutionProperties) = preSolution
		HideSolutionNode = FALSE
	EndGlobalSection
	GlobalSection(ExtensibilityGlobals) = postSolution
		SolutionGuid = {21F753AC-4313-4F0C-9CE2-4F7E774492EB}
	EndGlobalSection
EndGlobal
