
Microsoft Visual Studio Solution File, Format Version 12.00
# Visual Studio Version 16
VisualStudioVersion = 16.0.31005.135
MinimumVisualStudioVersion = 10.0.40219.1
Project("{FAE04EC0-301F-11D3-BF4B-00C04F79EFBC}") = "Do-while und while", "Do-while und while\Do-while und while.csproj", "{0833B798-4DD6-484D-A88A-F993B545ABAF}"
EndProject
Global
	GlobalSection(SolutionConfigurationPlatforms) = preSolution
		Debug|Any CPU = Debug|Any CPU
		Release|Any CPU = Release|Any CPU
	EndGlobalSection
	GlobalSection(ProjectConfigurationPlatforms) = postSolution
		{0833B798-4DD6-484D-A88A-F993B545ABAF}.Debug|Any CPU.ActiveCfg = Debug|Any CPU
		{0833B798-4DD6-484D-A88A-F993B545ABAF}.Debug|Any CPU.Build.0 = Debug|Any CPU
		{0833B798-4DD6-484D-A88A-F993B545ABAF}.Release|Any CPU.ActiveCfg = Release|Any CPU
		{0833B798-4DD6-484D-A88A-F993B545ABAF}.Release|Any CPU.Build.0 = Release|Any CPU
	EndGlobalSection
	GlobalSection(SolutionProperties) = preSolution
		HideSolutionNode = FALSE
	EndGlobalSection
	GlobalSection(ExtensibilityGlobals) = postSolution
		SolutionGuid = {116CE369-CD67-4FF7-9D57-63110C78F0D9}
	EndGlobalSection
EndGlobal
