
Microsoft Visual Studio Solution File, Format Version 12.00
# Visual Studio Version 16
VisualStudioVersion = 16.0.30621.155
MinimumVisualStudioVersion = 10.0.40219.1
Project("{FAE04EC0-301F-11D3-BF4B-00C04F79EFBC}") = "Sortiermaschine", "Sortiermaschine\Sortiermaschine.csproj", "{48BF16EB-024B-4F69-87E6-AD6EBBEF4D55}"
EndProject
Global
	GlobalSection(SolutionConfigurationPlatforms) = preSolution
		Debug|Any CPU = Debug|Any CPU
		Release|Any CPU = Release|Any CPU
	EndGlobalSection
	GlobalSection(ProjectConfigurationPlatforms) = postSolution
		{48BF16EB-024B-4F69-87E6-AD6EBBEF4D55}.Debug|Any CPU.ActiveCfg = Debug|Any CPU
		{48BF16EB-024B-4F69-87E6-AD6EBBEF4D55}.Debug|Any CPU.Build.0 = Debug|Any CPU
		{48BF16EB-024B-4F69-87E6-AD6EBBEF4D55}.Release|Any CPU.ActiveCfg = Release|Any CPU
		{48BF16EB-024B-4F69-87E6-AD6EBBEF4D55}.Release|Any CPU.Build.0 = Release|Any CPU
	EndGlobalSection
	GlobalSection(SolutionProperties) = preSolution
		HideSolutionNode = FALSE
	EndGlobalSection
	GlobalSection(ExtensibilityGlobals) = postSolution
		SolutionGuid = {F6F38A4D-762B-4A0F-B224-87C3FBAA5895}
	EndGlobalSection
EndGlobal
