
Microsoft Visual Studio Solution File, Format Version 12.00
# Visual Studio Version 16
VisualStudioVersion = 16.0.30621.155
MinimumVisualStudioVersion = 10.0.40219.1
Project("{FAE04EC0-301F-11D3-BF4B-00C04F79EFBC}") = "1 bis 100 gerade", "1 bis 100 gerade\1 bis 100 gerade.csproj", "{713E40C0-14AC-486D-A563-E772C1774F6D}"
EndProject
Global
	GlobalSection(SolutionConfigurationPlatforms) = preSolution
		Debug|Any CPU = Debug|Any CPU
		Release|Any CPU = Release|Any CPU
	EndGlobalSection
	GlobalSection(ProjectConfigurationPlatforms) = postSolution
		{713E40C0-14AC-486D-A563-E772C1774F6D}.Debug|Any CPU.ActiveCfg = Debug|Any CPU
		{713E40C0-14AC-486D-A563-E772C1774F6D}.Debug|Any CPU.Build.0 = Debug|Any CPU
		{713E40C0-14AC-486D-A563-E772C1774F6D}.Release|Any CPU.ActiveCfg = Release|Any CPU
		{713E40C0-14AC-486D-A563-E772C1774F6D}.Release|Any CPU.Build.0 = Release|Any CPU
	EndGlobalSection
	GlobalSection(SolutionProperties) = preSolution
		HideSolutionNode = FALSE
	EndGlobalSection
	GlobalSection(ExtensibilityGlobals) = postSolution
		SolutionGuid = {9C8081F2-0701-47DA-AF93-C837B8BABB50}
	EndGlobalSection
EndGlobal
